
Microsoft Visual Studio Solution File, Format Version 12.00
# Visual Studio Version 17
VisualStudioVersion = 17.3.32901.215
MinimumVisualStudioVersion = 10.0.40219.1
Project("{8BC9CEB8-8B4A-11D0-8D11-00A0C91BC942}") = "task 3", "task 3.vcxproj", "{0E62F191-0B44-4705-AA27-39059CE88D26}"
EndProject
Global
	GlobalSection(SolutionConfigurationPlatforms) = preSolution
		Debug|x64 = Debug|x64
		Debug|x86 = Debug|x86
		Release|x64 = Release|x64
		Release|x86 = Release|x86
	EndGlobalSection
	GlobalSection(ProjectConfigurationPlatforms) = postSolution
		{0E62F191-0B44-4705-AA27-39059CE88D26}.Debug|x64.ActiveCfg = Debug|x64
		{0E62F191-0B44-4705-AA27-39059CE88D26}.Debug|x64.Build.0 = Debug|x64
		{0E62F191-0B44-4705-AA27-39059CE88D26}.Debug|x86.ActiveCfg = Debug|Win32
		{0E62F191-0B44-4705-AA27-39059CE88D26}.Debug|x86.Build.0 = Debug|Win32
		{0E62F191-0B44-4705-AA27-39059CE88D26}.Release|x64.ActiveCfg = Release|x64
		{0E62F191-0B44-4705-AA27-39059CE88D26}.Release|x64.Build.0 = Release|x64
		{0E62F191-0B44-4705-AA27-39059CE88D26}.Release|x86.ActiveCfg = Release|Win32
		{0E62F191-0B44-4705-AA27-39059CE88D26}.Release|x86.Build.0 = Release|Win32
	EndGlobalSection
	GlobalSection(SolutionProperties) = preSolution
		HideSolutionNode = FALSE
	EndGlobalSection
	GlobalSection(ExtensibilityGlobals) = postSolution
		SolutionGuid = {574006AD-C33C-4E56-9028-58ED856D3B00}
	EndGlobalSection
EndGlobal
