
Microsoft Visual Studio Solution File, Format Version 12.00
# Visual Studio Version 17
VisualStudioVersion = 17.3.32901.215
MinimumVisualStudioVersion = 10.0.40219.1
Project("{8BC9CEB8-8B4A-11D0-8D11-00A0C91BC942}") = "lub 1", "lub 1.vcxproj", "{79E72BC4-F9E7-4B2C-AD1B-B1072387485D}"
EndProject
Global
	GlobalSection(SolutionConfigurationPlatforms) = preSolution
		Debug|x64 = Debug|x64
		Debug|x86 = Debug|x86
		Release|x64 = Release|x64
		Release|x86 = Release|x86
	EndGlobalSection
	GlobalSection(ProjectConfigurationPlatforms) = postSolution
		{79E72BC4-F9E7-4B2C-AD1B-B1072387485D}.Debug|x64.ActiveCfg = Debug|x64
		{79E72BC4-F9E7-4B2C-AD1B-B1072387485D}.Debug|x64.Build.0 = Debug|x64
		{79E72BC4-F9E7-4B2C-AD1B-B1072387485D}.Debug|x86.ActiveCfg = Debug|Win32
		{79E72BC4-F9E7-4B2C-AD1B-B1072387485D}.Debug|x86.Build.0 = Debug|Win32
		{79E72BC4-F9E7-4B2C-AD1B-B1072387485D}.Release|x64.ActiveCfg = Release|x64
		{79E72BC4-F9E7-4B2C-AD1B-B1072387485D}.Release|x64.Build.0 = Release|x64
		{79E72BC4-F9E7-4B2C-AD1B-B1072387485D}.Release|x86.ActiveCfg = Release|Win32
		{79E72BC4-F9E7-4B2C-AD1B-B1072387485D}.Release|x86.Build.0 = Release|Win32
	EndGlobalSection
	GlobalSection(SolutionProperties) = preSolution
		HideSolutionNode = FALSE
	EndGlobalSection
	GlobalSection(ExtensibilityGlobals) = postSolution
		SolutionGuid = {F50DE7D7-12C3-42F5-AEBA-0FFF1B3EB617}
	EndGlobalSection
EndGlobal
